
Microsoft Visual Studio Solution File, Format Version 12.00
# Visual Studio 2015
Project("{FAE04EC0-301F-11D3-BF4B-00C04F79EFBC}") = "Juegos_para_Internet.CSharp.Plugins", "Juegos_para_Internet.CSharp.Plugins.csproj", "{37F3EBB6-FE21-DEF2-7D03-C0BF84213358}"
EndProject
Project("{FAE04EC0-301F-11D3-BF4B-00C04F79EFBC}") = "Juegos_para_Internet.CSharp", "Juegos_para_Internet.CSharp.csproj", "{47F09D65-AA2A-7C64-32D7-A0776F7AFB08}"
EndProject
Project("{FAE04EC0-301F-11D3-BF4B-00C04F79EFBC}") = "Juegos_para_Internet.CSharp.Editor", "Juegos_para_Internet.CSharp.Editor.csproj", "{058C561C-F068-7653-1C09-9A4621ACF984}"
EndProject
Global
	GlobalSection(SolutionConfigurationPlatforms) = preSolution
		Debug|Any CPU = Debug|Any CPU
		Release|Any CPU = Release|Any CPU
	EndGlobalSection
	GlobalSection(ProjectConfigurationPlatforms) = postSolution
		{37F3EBB6-FE21-DEF2-7D03-C0BF84213358}.Debug|Any CPU.ActiveCfg = Debug|Any CPU
		{37F3EBB6-FE21-DEF2-7D03-C0BF84213358}.Debug|Any CPU.Build.0 = Debug|Any CPU
		{37F3EBB6-FE21-DEF2-7D03-C0BF84213358}.Release|Any CPU.ActiveCfg = Release|Any CPU
		{37F3EBB6-FE21-DEF2-7D03-C0BF84213358}.Release|Any CPU.Build.0 = Release|Any CPU
		{47F09D65-AA2A-7C64-32D7-A0776F7AFB08}.Debug|Any CPU.ActiveCfg = Debug|Any CPU
		{47F09D65-AA2A-7C64-32D7-A0776F7AFB08}.Debug|Any CPU.Build.0 = Debug|Any CPU
		{47F09D65-AA2A-7C64-32D7-A0776F7AFB08}.Release|Any CPU.ActiveCfg = Release|Any CPU
		{47F09D65-AA2A-7C64-32D7-A0776F7AFB08}.Release|Any CPU.Build.0 = Release|Any CPU
		{058C561C-F068-7653-1C09-9A4621ACF984}.Debug|Any CPU.ActiveCfg = Debug|Any CPU
		{058C561C-F068-7653-1C09-9A4621ACF984}.Debug|Any CPU.Build.0 = Debug|Any CPU
		{058C561C-F068-7653-1C09-9A4621ACF984}.Release|Any CPU.ActiveCfg = Release|Any CPU
		{058C561C-F068-7653-1C09-9A4621ACF984}.Release|Any CPU.Build.0 = Release|Any CPU
	EndGlobalSection
	GlobalSection(SolutionProperties) = preSolution
		HideSolutionNode = FALSE
	EndGlobalSection
EndGlobal
