Microsoft Visual Studio Solution File, Format Version 11.00
# Visual Studio 2008

Project("{8D61DFC8-4D3F-0CB6-8218-F0A5DF3901CB}") = "Juegos_para_Internet", "Assembly-CSharp-firstpass.csproj", "{5887ED31-FF61-513A-EFE4-E4961DC40D60}"
EndProject
Project("{8D61DFC8-4D3F-0CB6-8218-F0A5DF3901CB}") = "Juegos_para_Internet", "Assembly-CSharp.csproj", "{FD6FFA37-10F8-B90A-E862-2095C048B34D}"
EndProject
Project("{8D61DFC8-4D3F-0CB6-8218-F0A5DF3901CB}") = "Juegos_para_Internet", "Assembly-CSharp-Editor.csproj", "{A198E080-F9B1-D74B-80F1-06A3EBED9DB2}"
EndProject
Global
	GlobalSection(SolutionConfigurationPlatforms) = preSolution
		Debug|Any CPU = Debug|Any CPU
		Release|Any CPU = Release|Any CPU
	EndGlobalSection
	GlobalSection(ProjectConfigurationPlatforms) = postSolution
		{5887ED31-FF61-513A-EFE4-E4961DC40D60}.Debug|Any CPU.ActiveCfg = Debug|Any CPU
		{5887ED31-FF61-513A-EFE4-E4961DC40D60}.Debug|Any CPU.Build.0 = Debug|Any CPU
		{5887ED31-FF61-513A-EFE4-E4961DC40D60}.Release|Any CPU.ActiveCfg = Release|Any CPU
		{5887ED31-FF61-513A-EFE4-E4961DC40D60}.Release|Any CPU.Build.0 = Release|Any CPU
		{FD6FFA37-10F8-B90A-E862-2095C048B34D}.Debug|Any CPU.ActiveCfg = Debug|Any CPU
		{FD6FFA37-10F8-B90A-E862-2095C048B34D}.Debug|Any CPU.Build.0 = Debug|Any CPU
		{FD6FFA37-10F8-B90A-E862-2095C048B34D}.Release|Any CPU.ActiveCfg = Release|Any CPU
		{FD6FFA37-10F8-B90A-E862-2095C048B34D}.Release|Any CPU.Build.0 = Release|Any CPU
		{A198E080-F9B1-D74B-80F1-06A3EBED9DB2}.Debug|Any CPU.ActiveCfg = Debug|Any CPU
		{A198E080-F9B1-D74B-80F1-06A3EBED9DB2}.Debug|Any CPU.Build.0 = Debug|Any CPU
		{A198E080-F9B1-D74B-80F1-06A3EBED9DB2}.Release|Any CPU.ActiveCfg = Release|Any CPU
		{A198E080-F9B1-D74B-80F1-06A3EBED9DB2}.Release|Any CPU.Build.0 = Release|Any CPU
	EndGlobalSection
	GlobalSection(SolutionProperties) = preSolution
		HideSolutionNode = FALSE
	EndGlobalSection
	GlobalSection(MonoDevelopProperties) = preSolution
		StartupItem = Assembly-CSharp.csproj
	EndGlobalSection
EndGlobal
